
Microsoft Visual Studio Solution File, Format Version 12.00
# Visual Studio 14
VisualStudioVersion = 14.0.25420.1
MinimumVisualStudioVersion = 10.0.40219.1
Project("{FAE04EC0-301F-11D3-BF4B-00C04F79EFBC}") = "provaAngularJs", "provaAngularJs\provaAngularJs.csproj", "{D47B1119-E410-4561-9E76-081EDA8B21AE}"
EndProject
Project("{FAE04EC0-301F-11D3-BF4B-00C04F79EFBC}") = "OwinSelfHostSample", "OwinSelfHostSample\OwinSelfHostSample.csproj", "{8784B12A-CCA3-4BC1-82B8-00870C3714E9}"
EndProject
Global
	GlobalSection(SolutionConfigurationPlatforms) = preSolution
		Debug|Any CPU = Debug|Any CPU
		Release|Any CPU = Release|Any CPU
	EndGlobalSection
	GlobalSection(ProjectConfigurationPlatforms) = postSolution
		{D47B1119-E410-4561-9E76-081EDA8B21AE}.Debug|Any CPU.ActiveCfg = Debug|Any CPU
		{D47B1119-E410-4561-9E76-081EDA8B21AE}.Debug|Any CPU.Build.0 = Debug|Any CPU
		{D47B1119-E410-4561-9E76-081EDA8B21AE}.Release|Any CPU.ActiveCfg = Release|Any CPU
		{D47B1119-E410-4561-9E76-081EDA8B21AE}.Release|Any CPU.Build.0 = Release|Any CPU
		{8784B12A-CCA3-4BC1-82B8-00870C3714E9}.Debug|Any CPU.ActiveCfg = Debug|Any CPU
		{8784B12A-CCA3-4BC1-82B8-00870C3714E9}.Debug|Any CPU.Build.0 = Debug|Any CPU
		{8784B12A-CCA3-4BC1-82B8-00870C3714E9}.Release|Any CPU.ActiveCfg = Release|Any CPU
		{8784B12A-CCA3-4BC1-82B8-00870C3714E9}.Release|Any CPU.Build.0 = Release|Any CPU
	EndGlobalSection
	GlobalSection(SolutionProperties) = preSolution
		HideSolutionNode = FALSE
	EndGlobalSection
EndGlobal
